
Microsoft Visual Studio Solution File, Format Version 12.00
# Visual Studio 2013
VisualStudioVersion = 12.0.21005.1
MinimumVisualStudioVersion = 10.0.40219.1
Project("{8BC9CEB8-8B4A-11D0-8D11-00A0C91BC942}") = "thread_cpp", "thread_cpp\thread_cpp.vcxproj", "{4B855185-5A9B-4B24-A90C-C7222139DF60}"
EndProject
Global
	GlobalSection(SolutionConfigurationPlatforms) = preSolution
		Debug|Win32 = Debug|Win32
		Release|Win32 = Release|Win32
	EndGlobalSection
	GlobalSection(ProjectConfigurationPlatforms) = postSolution
		{4B855185-5A9B-4B24-A90C-C7222139DF60}.Debug|Win32.ActiveCfg = Debug|Win32
		{4B855185-5A9B-4B24-A90C-C7222139DF60}.Debug|Win32.Build.0 = Debug|Win32
		{4B855185-5A9B-4B24-A90C-C7222139DF60}.Release|Win32.ActiveCfg = Release|Win32
		{4B855185-5A9B-4B24-A90C-C7222139DF60}.Release|Win32.Build.0 = Release|Win32
	EndGlobalSection
	GlobalSection(SolutionProperties) = preSolution
		HideSolutionNode = FALSE
	EndGlobalSection
EndGlobal
